{
  "originHash" : "6820b8fe5e5510b22c2aa48fda6417656a44315150c8e0fdaccddd963bd0775e",
  "pins" : [
    {
      "identity" : "sparkle",
      "kind" : "remoteSourceControl",
      "location" : "https://github.com/sparkle-project/Sparkle",
      "state" : {
        "revision" : "b6496a74a087257ef5e6da1c5b29a447a60f5bd7",
        "version" : "2.9.4"
      }
    }
  ],
  "version" : 3
}
